
Microsoft Visual Studio Solution File, Format Version 12.00
# Visual Studio 15
VisualStudioVersion = 15.0.27604.0
MinimumVisualStudioVersion = 10.0.40219.1
Project("{9A19103F-16F7-4668-BE54-9A1E7A4F7556}") = "Items.XF", "Items\Items\Items.XF.csproj", "{4D40BD88-7F59-42C5-9E2F-78917A7813C5}"
EndProject
Project("{FAE04EC0-301F-11D3-BF4B-00C04F79EFBC}") = "Items.XF.Android", "Items\Items.Android\Items.XF.Android.csproj", "{9B0B61BF-9AC1-4BE5-A42C-7001C4A41BCC}"
EndProject
Project("{FAE04EC0-301F-11D3-BF4B-00C04F79EFBC}") = "Items.XF.iOS", "Items\Items.iOS\Items.XF.iOS.csproj", "{F0F104BB-C18A-48B6-9853-7175266D5247}"
EndProject
Project("{FAE04EC0-301F-11D3-BF4B-00C04F79EFBC}") = "Items.XF.UWP", "Items\Items.UWP\Items.XF.UWP.csproj", "{17EB5BD5-6C17-42EB-B833-233B2AF13053}"
EndProject
Project("{9A19103F-16F7-4668-BE54-9A1E7A4F7556}") = "Items.MobileAppService", "Items\Items.MobileAppService\Items.MobileAppService.csproj", "{06316624-5429-4EFE-9997-B8A4C73495DE}"
EndProject
Project("{9A19103F-16F7-4668-BE54-9A1E7A4F7556}") = "Items.DataModels", "Items.Models\Items.DataModels.csproj", "{9CB0B6FC-12E7-46C7-A5EE-0D70FB6E30E2}"
EndProject
Project("{9A19103F-16F7-4668-BE54-9A1E7A4F7556}") = "Items.DataStores", "Items.ModelRepositories\Items.DataStores.csproj", "{7F3A27DF-8A13-4888-B039-D3A096F57905}"
EndProject
Project("{2150E333-8FDC-42A3-9474-1A3956D46DE8}") = "Apps (Xamarin Forms)", "Apps (Xamarin Forms)", "{A0B9EB5B-D956-4F4D-B9FE-C99FD75D4120}"
	ProjectSection(SolutionItems) = preProject
		ReadMe.md = ReadMe.md
	EndProjectSection
EndProject
Project("{2150E333-8FDC-42A3-9474-1A3956D46DE8}") = "Data and Persistence", "Data and Persistence", "{F2420588-BF2D-44DD-9707-714C05FB2ED4}"
EndProject
Project("{2150E333-8FDC-42A3-9474-1A3956D46DE8}") = "Apps (Xamarin Native)", "Apps (Xamarin Native)", "{D4C73045-CE72-4D10-9995-8239DD5C8389}"
EndProject
Project("{2150E333-8FDC-42A3-9474-1A3956D46DE8}") = "Services", "Services", "{74C7A33B-0565-4DEC-8E54-332293746D55}"
EndProject
Project("{2150E333-8FDC-42A3-9474-1A3956D46DE8}") = "Testing", "Testing", "{6754BC2E-7A3D-4F98-A802-370EDF56D0FC}"
EndProject
Global
	GlobalSection(SolutionConfigurationPlatforms) = preSolution
		Debug|Any CPU = Debug|Any CPU
		Debug|ARM = Debug|ARM
		Debug|iPhone = Debug|iPhone
		Debug|iPhoneSimulator = Debug|iPhoneSimulator
		Debug|x64 = Debug|x64
		Debug|x86 = Debug|x86
		Release|Any CPU = Release|Any CPU
		Release|ARM = Release|ARM
		Release|iPhone = Release|iPhone
		Release|iPhoneSimulator = Release|iPhoneSimulator
		Release|x64 = Release|x64
		Release|x86 = Release|x86
	EndGlobalSection
	GlobalSection(ProjectConfigurationPlatforms) = postSolution
		{4D40BD88-7F59-42C5-9E2F-78917A7813C5}.Debug|Any CPU.ActiveCfg = Debug|Any CPU
		{4D40BD88-7F59-42C5-9E2F-78917A7813C5}.Debug|Any CPU.Build.0 = Debug|Any CPU
		{4D40BD88-7F59-42C5-9E2F-78917A7813C5}.Debug|Any CPU.Deploy.0 = Debug|Any CPU
		{4D40BD88-7F59-42C5-9E2F-78917A7813C5}.Debug|ARM.ActiveCfg = Debug|Any CPU
		{4D40BD88-7F59-42C5-9E2F-78917A7813C5}.Debug|ARM.Build.0 = Debug|Any CPU
		{4D40BD88-7F59-42C5-9E2F-78917A7813C5}.Debug|ARM.Deploy.0 = Debug|Any CPU
		{4D40BD88-7F59-42C5-9E2F-78917A7813C5}.Debug|iPhone.ActiveCfg = Debug|Any CPU
		{4D40BD88-7F59-42C5-9E2F-78917A7813C5}.Debug|iPhone.Build.0 = Debug|Any CPU
		{4D40BD88-7F59-42C5-9E2F-78917A7813C5}.Debug|iPhone.Deploy.0 = Debug|Any CPU
		{4D40BD88-7F59-42C5-9E2F-78917A7813C5}.Debug|iPhoneSimulator.ActiveCfg = Debug|Any CPU
		{4D40BD88-7F59-42C5-9E2F-78917A7813C5}.Debug|iPhoneSimulator.Build.0 = Debug|Any CPU
		{4D40BD88-7F59-42C5-9E2F-78917A7813C5}.Debug|iPhoneSimulator.Deploy.0 = Debug|Any CPU
		{4D40BD88-7F59-42C5-9E2F-78917A7813C5}.Debug|x64.ActiveCfg = Debug|Any CPU
		{4D40BD88-7F59-42C5-9E2F-78917A7813C5}.Debug|x64.Build.0 = Debug|Any CPU
		{4D40BD88-7F59-42C5-9E2F-78917A7813C5}.Debug|x64.Deploy.0 = Debug|Any CPU
		{4D40BD88-7F59-42C5-9E2F-78917A7813C5}.Debug|x86.ActiveCfg = Debug|Any CPU
		{4D40BD88-7F59-42C5-9E2F-78917A7813C5}.Debug|x86.Build.0 = Debug|Any CPU
		{4D40BD88-7F59-42C5-9E2F-78917A7813C5}.Debug|x86.Deploy.0 = Debug|Any CPU
		{4D40BD88-7F59-42C5-9E2F-78917A7813C5}.Release|Any CPU.ActiveCfg = Release|Any CPU
		{4D40BD88-7F59-42C5-9E2F-78917A7813C5}.Release|Any CPU.Build.0 = Release|Any CPU
		{4D40BD88-7F59-42C5-9E2F-78917A7813C5}.Release|Any CPU.Deploy.0 = Release|Any CPU
		{4D40BD88-7F59-42C5-9E2F-78917A7813C5}.Release|ARM.ActiveCfg = Release|Any CPU
		{4D40BD88-7F59-42C5-9E2F-78917A7813C5}.Release|ARM.Build.0 = Release|Any CPU
		{4D40BD88-7F59-42C5-9E2F-78917A7813C5}.Release|ARM.Deploy.0 = Release|Any CPU
		{4D40BD88-7F59-42C5-9E2F-78917A7813C5}.Release|iPhone.ActiveCfg = Release|Any CPU
		{4D40BD88-7F59-42C5-9E2F-78917A7813C5}.Release|iPhone.Build.0 = Release|Any CPU
		{4D40BD88-7F59-42C5-9E2F-78917A7813C5}.Release|iPhone.Deploy.0 = Release|Any CPU
		{4D40BD88-7F59-42C5-9E2F-78917A7813C5}.Release|iPhoneSimulator.ActiveCfg = Release|Any CPU
		{4D40BD88-7F59-42C5-9E2F-78917A7813C5}.Release|iPhoneSimulator.Build.0 = Release|Any CPU
		{4D40BD88-7F59-42C5-9E2F-78917A7813C5}.Release|iPhoneSimulator.Deploy.0 = Release|Any CPU
		{4D40BD88-7F59-42C5-9E2F-78917A7813C5}.Release|x64.ActiveCfg = Release|Any CPU
		{4D40BD88-7F59-42C5-9E2F-78917A7813C5}.Release|x64.Build.0 = Release|Any CPU
		{4D40BD88-7F59-42C5-9E2F-78917A7813C5}.Release|x64.Deploy.0 = Release|Any CPU
		{4D40BD88-7F59-42C5-9E2F-78917A7813C5}.Release|x86.ActiveCfg = Release|Any CPU
		{4D40BD88-7F59-42C5-9E2F-78917A7813C5}.Release|x86.Build.0 = Release|Any CPU
		{4D40BD88-7F59-42C5-9E2F-78917A7813C5}.Release|x86.Deploy.0 = Release|Any CPU
		{9B0B61BF-9AC1-4BE5-A42C-7001C4A41BCC}.Debug|Any CPU.ActiveCfg = Debug|Any CPU
		{9B0B61BF-9AC1-4BE5-A42C-7001C4A41BCC}.Debug|Any CPU.Build.0 = Debug|Any CPU
		{9B0B61BF-9AC1-4BE5-A42C-7001C4A41BCC}.Debug|Any CPU.Deploy.0 = Debug|Any CPU
		{9B0B61BF-9AC1-4BE5-A42C-7001C4A41BCC}.Debug|ARM.ActiveCfg = Debug|Any CPU
		{9B0B61BF-9AC1-4BE5-A42C-7001C4A41BCC}.Debug|ARM.Build.0 = Debug|Any CPU
		{9B0B61BF-9AC1-4BE5-A42C-7001C4A41BCC}.Debug|ARM.Deploy.0 = Debug|Any CPU
		{9B0B61BF-9AC1-4BE5-A42C-7001C4A41BCC}.Debug|iPhone.ActiveCfg = Debug|Any CPU
		{9B0B61BF-9AC1-4BE5-A42C-7001C4A41BCC}.Debug|iPhone.Build.0 = Debug|Any CPU
		{9B0B61BF-9AC1-4BE5-A42C-7001C4A41BCC}.Debug|iPhone.Deploy.0 = Debug|Any CPU
		{9B0B61BF-9AC1-4BE5-A42C-7001C4A41BCC}.Debug|iPhoneSimulator.ActiveCfg = Debug|Any CPU
		{9B0B61BF-9AC1-4BE5-A42C-7001C4A41BCC}.Debug|iPhoneSimulator.Build.0 = Debug|Any CPU
		{9B0B61BF-9AC1-4BE5-A42C-7001C4A41BCC}.Debug|iPhoneSimulator.Deploy.0 = Debug|Any CPU
		{9B0B61BF-9AC1-4BE5-A42C-7001C4A41BCC}.Debug|x64.ActiveCfg = Debug|Any CPU
		{9B0B61BF-9AC1-4BE5-A42C-7001C4A41BCC}.Debug|x64.Build.0 = Debug|Any CPU
		{9B0B61BF-9AC1-4BE5-A42C-7001C4A41BCC}.Debug|x64.Deploy.0 = Debug|Any CPU
		{9B0B61BF-9AC1-4BE5-A42C-7001C4A41BCC}.Debug|x86.ActiveCfg = Debug|Any CPU
		{9B0B61BF-9AC1-4BE5-A42C-7001C4A41BCC}.Debug|x86.Build.0 = Debug|Any CPU
		{9B0B61BF-9AC1-4BE5-A42C-7001C4A41BCC}.Debug|x86.Deploy.0 = Debug|Any CPU
		{9B0B61BF-9AC1-4BE5-A42C-7001C4A41BCC}.Release|Any CPU.ActiveCfg = Release|Any CPU
		{9B0B61BF-9AC1-4BE5-A42C-7001C4A41BCC}.Release|Any CPU.Build.0 = Release|Any CPU
		{9B0B61BF-9AC1-4BE5-A42C-7001C4A41BCC}.Release|Any CPU.Deploy.0 = Release|Any CPU
		{9B0B61BF-9AC1-4BE5-A42C-7001C4A41BCC}.Release|ARM.ActiveCfg = Release|Any CPU
		{9B0B61BF-9AC1-4BE5-A42C-7001C4A41BCC}.Release|ARM.Build.0 = Release|Any CPU
		{9B0B61BF-9AC1-4BE5-A42C-7001C4A41BCC}.Release|ARM.Deploy.0 = Release|Any CPU
		{9B0B61BF-9AC1-4BE5-A42C-7001C4A41BCC}.Release|iPhone.ActiveCfg = Release|Any CPU
		{9B0B61BF-9AC1-4BE5-A42C-7001C4A41BCC}.Release|iPhone.Build.0 = Release|Any CPU
		{9B0B61BF-9AC1-4BE5-A42C-7001C4A41BCC}.Release|iPhone.Deploy.0 = Release|Any CPU
		{9B0B61BF-9AC1-4BE5-A42C-7001C4A41BCC}.Release|iPhoneSimulator.ActiveCfg = Release|Any CPU
		{9B0B61BF-9AC1-4BE5-A42C-7001C4A41BCC}.Release|iPhoneSimulator.Build.0 = Release|Any CPU
		{9B0B61BF-9AC1-4BE5-A42C-7001C4A41BCC}.Release|iPhoneSimulator.Deploy.0 = Release|Any CPU
		{9B0B61BF-9AC1-4BE5-A42C-7001C4A41BCC}.Release|x64.ActiveCfg = Release|Any CPU
		{9B0B61BF-9AC1-4BE5-A42C-7001C4A41BCC}.Release|x64.Build.0 = Release|Any CPU
		{9B0B61BF-9AC1-4BE5-A42C-7001C4A41BCC}.Release|x64.Deploy.0 = Release|Any CPU
		{9B0B61BF-9AC1-4BE5-A42C-7001C4A41BCC}.Release|x86.ActiveCfg = Release|Any CPU
		{9B0B61BF-9AC1-4BE5-A42C-7001C4A41BCC}.Release|x86.Build.0 = Release|Any CPU
		{9B0B61BF-9AC1-4BE5-A42C-7001C4A41BCC}.Release|x86.Deploy.0 = Release|Any CPU
		{F0F104BB-C18A-48B6-9853-7175266D5247}.Debug|Any CPU.ActiveCfg = Debug|iPhoneSimulator
		{F0F104BB-C18A-48B6-9853-7175266D5247}.Debug|Any CPU.Build.0 = Debug|iPhoneSimulator
		{F0F104BB-C18A-48B6-9853-7175266D5247}.Debug|Any CPU.Deploy.0 = Debug|iPhoneSimulator
		{F0F104BB-C18A-48B6-9853-7175266D5247}.Debug|ARM.ActiveCfg = Debug|iPhone
		{F0F104BB-C18A-48B6-9853-7175266D5247}.Debug|ARM.Build.0 = Debug|iPhone
		{F0F104BB-C18A-48B6-9853-7175266D5247}.Debug|ARM.Deploy.0 = Debug|iPhone
		{F0F104BB-C18A-48B6-9853-7175266D5247}.Debug|iPhone.ActiveCfg = Debug|iPhone
		{F0F104BB-C18A-48B6-9853-7175266D5247}.Debug|iPhone.Build.0 = Debug|iPhone
		{F0F104BB-C18A-48B6-9853-7175266D5247}.Debug|iPhone.Deploy.0 = Debug|iPhone
		{F0F104BB-C18A-48B6-9853-7175266D5247}.Debug|iPhoneSimulator.ActiveCfg = Debug|iPhoneSimulator
		{F0F104BB-C18A-48B6-9853-7175266D5247}.Debug|iPhoneSimulator.Build.0 = Debug|iPhoneSimulator
		{F0F104BB-C18A-48B6-9853-7175266D5247}.Debug|iPhoneSimulator.Deploy.0 = Debug|iPhoneSimulator
		{F0F104BB-C18A-48B6-9853-7175266D5247}.Debug|x64.ActiveCfg = Debug|iPhone
		{F0F104BB-C18A-48B6-9853-7175266D5247}.Debug|x64.Build.0 = Debug|iPhone
		{F0F104BB-C18A-48B6-9853-7175266D5247}.Debug|x64.Deploy.0 = Debug|iPhone
		{F0F104BB-C18A-48B6-9853-7175266D5247}.Debug|x86.ActiveCfg = Debug|iPhone
		{F0F104BB-C18A-48B6-9853-7175266D5247}.Debug|x86.Build.0 = Debug|iPhone
		{F0F104BB-C18A-48B6-9853-7175266D5247}.Debug|x86.Deploy.0 = Debug|iPhone
		{F0F104BB-C18A-48B6-9853-7175266D5247}.Release|Any CPU.ActiveCfg = Release|iPhone
		{F0F104BB-C18A-48B6-9853-7175266D5247}.Release|Any CPU.Build.0 = Release|iPhone
		{F0F104BB-C18A-48B6-9853-7175266D5247}.Release|Any CPU.Deploy.0 = Release|iPhone
		{F0F104BB-C18A-48B6-9853-7175266D5247}.Release|ARM.ActiveCfg = Release|iPhone
		{F0F104BB-C18A-48B6-9853-7175266D5247}.Release|ARM.Build.0 = Release|iPhone
		{F0F104BB-C18A-48B6-9853-7175266D5247}.Release|ARM.Deploy.0 = Release|iPhone
		{F0F104BB-C18A-48B6-9853-7175266D5247}.Release|iPhone.ActiveCfg = Release|iPhone
		{F0F104BB-C18A-48B6-9853-7175266D5247}.Release|iPhone.Build.0 = Release|iPhone
		{F0F104BB-C18A-48B6-9853-7175266D5247}.Release|iPhone.Deploy.0 = Release|iPhone
		{F0F104BB-C18A-48B6-9853-7175266D5247}.Release|iPhoneSimulator.ActiveCfg = Release|iPhoneSimulator
		{F0F104BB-C18A-48B6-9853-7175266D5247}.Release|iPhoneSimulator.Build.0 = Release|iPhoneSimulator
		{F0F104BB-C18A-48B6-9853-7175266D5247}.Release|iPhoneSimulator.Deploy.0 = Release|iPhoneSimulator
		{F0F104BB-C18A-48B6-9853-7175266D5247}.Release|x64.ActiveCfg = Release|iPhone
		{F0F104BB-C18A-48B6-9853-7175266D5247}.Release|x64.Build.0 = Release|iPhone
		{F0F104BB-C18A-48B6-9853-7175266D5247}.Release|x64.Deploy.0 = Release|iPhone
		{F0F104BB-C18A-48B6-9853-7175266D5247}.Release|x86.ActiveCfg = Release|iPhone
		{F0F104BB-C18A-48B6-9853-7175266D5247}.Release|x86.Build.0 = Release|iPhone
		{F0F104BB-C18A-48B6-9853-7175266D5247}.Release|x86.Deploy.0 = Release|iPhone
		{17EB5BD5-6C17-42EB-B833-233B2AF13053}.Debug|Any CPU.ActiveCfg = Debug|x86
		{17EB5BD5-6C17-42EB-B833-233B2AF13053}.Debug|Any CPU.Build.0 = Debug|x86
		{17EB5BD5-6C17-42EB-B833-233B2AF13053}.Debug|Any CPU.Deploy.0 = Debug|x86
		{17EB5BD5-6C17-42EB-B833-233B2AF13053}.Debug|ARM.ActiveCfg = Debug|ARM
		{17EB5BD5-6C17-42EB-B833-233B2AF13053}.Debug|ARM.Build.0 = Debug|ARM
		{17EB5BD5-6C17-42EB-B833-233B2AF13053}.Debug|ARM.Deploy.0 = Debug|ARM
		{17EB5BD5-6C17-42EB-B833-233B2AF13053}.Debug|iPhone.ActiveCfg = Debug|x86
		{17EB5BD5-6C17-42EB-B833-233B2AF13053}.Debug|iPhone.Build.0 = Debug|x86
		{17EB5BD5-6C17-42EB-B833-233B2AF13053}.Debug|iPhone.Deploy.0 = Debug|x86
		{17EB5BD5-6C17-42EB-B833-233B2AF13053}.Debug|iPhoneSimulator.ActiveCfg = Debug|x86
		{17EB5BD5-6C17-42EB-B833-233B2AF13053}.Debug|iPhoneSimulator.Build.0 = Debug|x86
		{17EB5BD5-6C17-42EB-B833-233B2AF13053}.Debug|iPhoneSimulator.Deploy.0 = Debug|x86
		{17EB5BD5-6C17-42EB-B833-233B2AF13053}.Debug|x64.ActiveCfg = Debug|x64
		{17EB5BD5-6C17-42EB-B833-233B2AF13053}.Debug|x64.Build.0 = Debug|x64
		{17EB5BD5-6C17-42EB-B833-233B2AF13053}.Debug|x64.Deploy.0 = Debug|x64
		{17EB5BD5-6C17-42EB-B833-233B2AF13053}.Debug|x86.ActiveCfg = Debug|x86
		{17EB5BD5-6C17-42EB-B833-233B2AF13053}.Debug|x86.Build.0 = Debug|x86
		{17EB5BD5-6C17-42EB-B833-233B2AF13053}.Debug|x86.Deploy.0 = Debug|x86
		{17EB5BD5-6C17-42EB-B833-233B2AF13053}.Release|Any CPU.ActiveCfg = Release|x86
		{17EB5BD5-6C17-42EB-B833-233B2AF13053}.Release|Any CPU.Build.0 = Release|x86
		{17EB5BD5-6C17-42EB-B833-233B2AF13053}.Release|Any CPU.Deploy.0 = Release|x86
		{17EB5BD5-6C17-42EB-B833-233B2AF13053}.Release|ARM.ActiveCfg = Release|ARM
		{17EB5BD5-6C17-42EB-B833-233B2AF13053}.Release|ARM.Build.0 = Release|ARM
		{17EB5BD5-6C17-42EB-B833-233B2AF13053}.Release|ARM.Deploy.0 = Release|ARM
		{17EB5BD5-6C17-42EB-B833-233B2AF13053}.Release|iPhone.ActiveCfg = Release|x86
		{17EB5BD5-6C17-42EB-B833-233B2AF13053}.Release|iPhone.Build.0 = Release|x86
		{17EB5BD5-6C17-42EB-B833-233B2AF13053}.Release|iPhone.Deploy.0 = Release|x86
		{17EB5BD5-6C17-42EB-B833-233B2AF13053}.Release|iPhoneSimulator.ActiveCfg = Release|x86
		{17EB5BD5-6C17-42EB-B833-233B2AF13053}.Release|iPhoneSimulator.Build.0 = Release|x86
		{17EB5BD5-6C17-42EB-B833-233B2AF13053}.Release|iPhoneSimulator.Deploy.0 = Release|x86
		{17EB5BD5-6C17-42EB-B833-233B2AF13053}.Release|x64.ActiveCfg = Release|x64
		{17EB5BD5-6C17-42EB-B833-233B2AF13053}.Release|x64.Build.0 = Release|x64
		{17EB5BD5-6C17-42EB-B833-233B2AF13053}.Release|x64.Deploy.0 = Release|x64
		{17EB5BD5-6C17-42EB-B833-233B2AF13053}.Release|x86.ActiveCfg = Release|x86
		{17EB5BD5-6C17-42EB-B833-233B2AF13053}.Release|x86.Build.0 = Release|x86
		{17EB5BD5-6C17-42EB-B833-233B2AF13053}.Release|x86.Deploy.0 = Release|x86
		{06316624-5429-4EFE-9997-B8A4C73495DE}.Debug|Any CPU.ActiveCfg = Debug|Any CPU
		{06316624-5429-4EFE-9997-B8A4C73495DE}.Debug|Any CPU.Build.0 = Debug|Any CPU
		{06316624-5429-4EFE-9997-B8A4C73495DE}.Debug|Any CPU.Deploy.0 = Debug|Any CPU
		{06316624-5429-4EFE-9997-B8A4C73495DE}.Debug|ARM.ActiveCfg = Debug|Any CPU
		{06316624-5429-4EFE-9997-B8A4C73495DE}.Debug|ARM.Build.0 = Debug|Any CPU
		{06316624-5429-4EFE-9997-B8A4C73495DE}.Debug|ARM.Deploy.0 = Debug|Any CPU
		{06316624-5429-4EFE-9997-B8A4C73495DE}.Debug|iPhone.ActiveCfg = Debug|Any CPU
		{06316624-5429-4EFE-9997-B8A4C73495DE}.Debug|iPhone.Build.0 = Debug|Any CPU
		{06316624-5429-4EFE-9997-B8A4C73495DE}.Debug|iPhone.Deploy.0 = Debug|Any CPU
		{06316624-5429-4EFE-9997-B8A4C73495DE}.Debug|iPhoneSimulator.ActiveCfg = Debug|Any CPU
		{06316624-5429-4EFE-9997-B8A4C73495DE}.Debug|iPhoneSimulator.Build.0 = Debug|Any CPU
		{06316624-5429-4EFE-9997-B8A4C73495DE}.Debug|iPhoneSimulator.Deploy.0 = Debug|Any CPU
		{06316624-5429-4EFE-9997-B8A4C73495DE}.Debug|x64.ActiveCfg = Debug|Any CPU
		{06316624-5429-4EFE-9997-B8A4C73495DE}.Debug|x64.Build.0 = Debug|Any CPU
		{06316624-5429-4EFE-9997-B8A4C73495DE}.Debug|x64.Deploy.0 = Debug|Any CPU
		{06316624-5429-4EFE-9997-B8A4C73495DE}.Debug|x86.ActiveCfg = Debug|Any CPU
		{06316624-5429-4EFE-9997-B8A4C73495DE}.Debug|x86.Build.0 = Debug|Any CPU
		{06316624-5429-4EFE-9997-B8A4C73495DE}.Debug|x86.Deploy.0 = Debug|Any CPU
		{06316624-5429-4EFE-9997-B8A4C73495DE}.Release|Any CPU.ActiveCfg = Release|Any CPU
		{06316624-5429-4EFE-9997-B8A4C73495DE}.Release|Any CPU.Build.0 = Release|Any CPU
		{06316624-5429-4EFE-9997-B8A4C73495DE}.Release|Any CPU.Deploy.0 = Release|Any CPU
		{06316624-5429-4EFE-9997-B8A4C73495DE}.Release|ARM.ActiveCfg = Release|Any CPU
		{06316624-5429-4EFE-9997-B8A4C73495DE}.Release|ARM.Build.0 = Release|Any CPU
		{06316624-5429-4EFE-9997-B8A4C73495DE}.Release|ARM.Deploy.0 = Release|Any CPU
		{06316624-5429-4EFE-9997-B8A4C73495DE}.Release|iPhone.ActiveCfg = Release|Any CPU
		{06316624-5429-4EFE-9997-B8A4C73495DE}.Release|iPhone.Build.0 = Release|Any CPU
		{06316624-5429-4EFE-9997-B8A4C73495DE}.Release|iPhone.Deploy.0 = Release|Any CPU
		{06316624-5429-4EFE-9997-B8A4C73495DE}.Release|iPhoneSimulator.ActiveCfg = Release|Any CPU
		{06316624-5429-4EFE-9997-B8A4C73495DE}.Release|iPhoneSimulator.Build.0 = Release|Any CPU
		{06316624-5429-4EFE-9997-B8A4C73495DE}.Release|iPhoneSimulator.Deploy.0 = Release|Any CPU
		{06316624-5429-4EFE-9997-B8A4C73495DE}.Release|x64.ActiveCfg = Release|Any CPU
		{06316624-5429-4EFE-9997-B8A4C73495DE}.Release|x64.Build.0 = Release|Any CPU
		{06316624-5429-4EFE-9997-B8A4C73495DE}.Release|x64.Deploy.0 = Release|Any CPU
		{06316624-5429-4EFE-9997-B8A4C73495DE}.Release|x86.ActiveCfg = Release|Any CPU
		{06316624-5429-4EFE-9997-B8A4C73495DE}.Release|x86.Build.0 = Release|Any CPU
		{06316624-5429-4EFE-9997-B8A4C73495DE}.Release|x86.Deploy.0 = Release|Any CPU
		{9CB0B6FC-12E7-46C7-A5EE-0D70FB6E30E2}.Debug|Any CPU.ActiveCfg = Debug|Any CPU
		{9CB0B6FC-12E7-46C7-A5EE-0D70FB6E30E2}.Debug|Any CPU.Build.0 = Debug|Any CPU
		{9CB0B6FC-12E7-46C7-A5EE-0D70FB6E30E2}.Debug|ARM.ActiveCfg = Debug|Any CPU
		{9CB0B6FC-12E7-46C7-A5EE-0D70FB6E30E2}.Debug|ARM.Build.0 = Debug|Any CPU
		{9CB0B6FC-12E7-46C7-A5EE-0D70FB6E30E2}.Debug|iPhone.ActiveCfg = Debug|Any CPU
		{9CB0B6FC-12E7-46C7-A5EE-0D70FB6E30E2}.Debug|iPhone.Build.0 = Debug|Any CPU
		{9CB0B6FC-12E7-46C7-A5EE-0D70FB6E30E2}.Debug|iPhoneSimulator.ActiveCfg = Debug|Any CPU
		{9CB0B6FC-12E7-46C7-A5EE-0D70FB6E30E2}.Debug|iPhoneSimulator.Build.0 = Debug|Any CPU
		{9CB0B6FC-12E7-46C7-A5EE-0D70FB6E30E2}.Debug|x64.ActiveCfg = Debug|Any CPU
		{9CB0B6FC-12E7-46C7-A5EE-0D70FB6E30E2}.Debug|x64.Build.0 = Debug|Any CPU
		{9CB0B6FC-12E7-46C7-A5EE-0D70FB6E30E2}.Debug|x86.ActiveCfg = Debug|Any CPU
		{9CB0B6FC-12E7-46C7-A5EE-0D70FB6E30E2}.Debug|x86.Build.0 = Debug|Any CPU
		{9CB0B6FC-12E7-46C7-A5EE-0D70FB6E30E2}.Release|Any CPU.ActiveCfg = Release|Any CPU
		{9CB0B6FC-12E7-46C7-A5EE-0D70FB6E30E2}.Release|Any CPU.Build.0 = Release|Any CPU
		{9CB0B6FC-12E7-46C7-A5EE-0D70FB6E30E2}.Release|ARM.ActiveCfg = Release|Any CPU
		{9CB0B6FC-12E7-46C7-A5EE-0D70FB6E30E2}.Release|ARM.Build.0 = Release|Any CPU
		{9CB0B6FC-12E7-46C7-A5EE-0D70FB6E30E2}.Release|iPhone.ActiveCfg = Release|Any CPU
		{9CB0B6FC-12E7-46C7-A5EE-0D70FB6E30E2}.Release|iPhone.Build.0 = Release|Any CPU
		{9CB0B6FC-12E7-46C7-A5EE-0D70FB6E30E2}.Release|iPhoneSimulator.ActiveCfg = Release|Any CPU
		{9CB0B6FC-12E7-46C7-A5EE-0D70FB6E30E2}.Release|iPhoneSimulator.Build.0 = Release|Any CPU
		{9CB0B6FC-12E7-46C7-A5EE-0D70FB6E30E2}.Release|x64.ActiveCfg = Release|Any CPU
		{9CB0B6FC-12E7-46C7-A5EE-0D70FB6E30E2}.Release|x64.Build.0 = Release|Any CPU
		{9CB0B6FC-12E7-46C7-A5EE-0D70FB6E30E2}.Release|x86.ActiveCfg = Release|Any CPU
		{9CB0B6FC-12E7-46C7-A5EE-0D70FB6E30E2}.Release|x86.Build.0 = Release|Any CPU
		{7F3A27DF-8A13-4888-B039-D3A096F57905}.Debug|Any CPU.ActiveCfg = Debug|Any CPU
		{7F3A27DF-8A13-4888-B039-D3A096F57905}.Debug|Any CPU.Build.0 = Debug|Any CPU
		{7F3A27DF-8A13-4888-B039-D3A096F57905}.Debug|ARM.ActiveCfg = Debug|Any CPU
		{7F3A27DF-8A13-4888-B039-D3A096F57905}.Debug|ARM.Build.0 = Debug|Any CPU
		{7F3A27DF-8A13-4888-B039-D3A096F57905}.Debug|iPhone.ActiveCfg = Debug|Any CPU
		{7F3A27DF-8A13-4888-B039-D3A096F57905}.Debug|iPhone.Build.0 = Debug|Any CPU
		{7F3A27DF-8A13-4888-B039-D3A096F57905}.Debug|iPhoneSimulator.ActiveCfg = Debug|Any CPU
		{7F3A27DF-8A13-4888-B039-D3A096F57905}.Debug|iPhoneSimulator.Build.0 = Debug|Any CPU
		{7F3A27DF-8A13-4888-B039-D3A096F57905}.Debug|x64.ActiveCfg = Debug|Any CPU
		{7F3A27DF-8A13-4888-B039-D3A096F57905}.Debug|x64.Build.0 = Debug|Any CPU
		{7F3A27DF-8A13-4888-B039-D3A096F57905}.Debug|x86.ActiveCfg = Debug|Any CPU
		{7F3A27DF-8A13-4888-B039-D3A096F57905}.Debug|x86.Build.0 = Debug|Any CPU
		{7F3A27DF-8A13-4888-B039-D3A096F57905}.Release|Any CPU.ActiveCfg = Release|Any CPU
		{7F3A27DF-8A13-4888-B039-D3A096F57905}.Release|Any CPU.Build.0 = Release|Any CPU
		{7F3A27DF-8A13-4888-B039-D3A096F57905}.Release|ARM.ActiveCfg = Release|Any CPU
		{7F3A27DF-8A13-4888-B039-D3A096F57905}.Release|ARM.Build.0 = Release|Any CPU
		{7F3A27DF-8A13-4888-B039-D3A096F57905}.Release|iPhone.ActiveCfg = Release|Any CPU
		{7F3A27DF-8A13-4888-B039-D3A096F57905}.Release|iPhone.Build.0 = Release|Any CPU
		{7F3A27DF-8A13-4888-B039-D3A096F57905}.Release|iPhoneSimulator.ActiveCfg = Release|Any CPU
		{7F3A27DF-8A13-4888-B039-D3A096F57905}.Release|iPhoneSimulator.Build.0 = Release|Any CPU
		{7F3A27DF-8A13-4888-B039-D3A096F57905}.Release|x64.ActiveCfg = Release|Any CPU
		{7F3A27DF-8A13-4888-B039-D3A096F57905}.Release|x64.Build.0 = Release|Any CPU
		{7F3A27DF-8A13-4888-B039-D3A096F57905}.Release|x86.ActiveCfg = Release|Any CPU
		{7F3A27DF-8A13-4888-B039-D3A096F57905}.Release|x86.Build.0 = Release|Any CPU
	EndGlobalSection
	GlobalSection(SolutionProperties) = preSolution
		HideSolutionNode = FALSE
	EndGlobalSection
	GlobalSection(NestedProjects) = preSolution
		{4D40BD88-7F59-42C5-9E2F-78917A7813C5} = {A0B9EB5B-D956-4F4D-B9FE-C99FD75D4120}
		{9B0B61BF-9AC1-4BE5-A42C-7001C4A41BCC} = {A0B9EB5B-D956-4F4D-B9FE-C99FD75D4120}
		{F0F104BB-C18A-48B6-9853-7175266D5247} = {A0B9EB5B-D956-4F4D-B9FE-C99FD75D4120}
		{17EB5BD5-6C17-42EB-B833-233B2AF13053} = {A0B9EB5B-D956-4F4D-B9FE-C99FD75D4120}
		{06316624-5429-4EFE-9997-B8A4C73495DE} = {74C7A33B-0565-4DEC-8E54-332293746D55}
		{9CB0B6FC-12E7-46C7-A5EE-0D70FB6E30E2} = {F2420588-BF2D-44DD-9707-714C05FB2ED4}
		{7F3A27DF-8A13-4888-B039-D3A096F57905} = {F2420588-BF2D-44DD-9707-714C05FB2ED4}
	EndGlobalSection
	GlobalSection(ExtensibilityGlobals) = postSolution
		SolutionGuid = {F09431F4-4898-4421-9EFA-3C3DF6274EC1}
	EndGlobalSection
EndGlobal
